{
    "name": "@weaverkit/utils",
    "version": "0.2.0-aplha.1",
    "lockfileVersion": 2,
    "requires": true,
    "packages": {
        "": {
            "name": "@weaverkit/utils",
            "version": "0.2.0-aplha.1",
            "license": "MIT",
            "dependencies": {
                "shortid": "^2.2.16",
                "uuid": "^9.0.1"
            },
            "devDependencies": {
                "@types/shortid": "0.0.32",
                "@types/uuid": "^9.0.8",
                "typescript": "4.9.5"
            },
            "engines": {
                "node": ">=16"
            }
        },
        "node_modules/@types/shortid": {
            "version": "0.0.32",
            "resolved": "https://registry.npmjs.org/@types/shortid/-/shortid-0.0.32.tgz",
            "integrity": "sha512-LwWF89yy6Ol8abraYbVedIKzMlgJCTx8zm40yx9t0ZPOJaVR0OmSO4zRRAKfyOJtCwZrEBmhueZX8OiNbQydYw==",
            "dev": true
        },
        "node_modules/@types/uuid": {
            "version": "9.0.8",
            "resolved": "https://registry.npmjs.org/@types/uuid/-/uuid-9.0.8.tgz",
            "integrity": "sha512-jg+97EGIcY9AGHJJRaaPVgetKDsrTgbRjQ5Msgjh/DQKEFl0DtyRr/VCOyD1T2R1MNeWPK/u7JoGhlDZnKBAfA==",
            "dev": true
        },
        "node_modules/nanoid": {
            "version": "2.1.11",
            "resolved": "https://registry.npmjs.org/nanoid/-/nanoid-2.1.11.tgz",
            "integrity": "sha512-s/snB+WGm6uwi0WjsZdaVcuf3KJXlfGl2LcxgwkEwJF0D/BWzVWAZW/XY4bFaiR7s0Jk3FPvlnepg1H1b1UwlA=="
        },
        "node_modules/shortid": {
            "version": "2.2.16",
            "resolved": "https://registry.npmjs.org/shortid/-/shortid-2.2.16.tgz",
            "integrity": "sha512-Ugt+GIZqvGXCIItnsL+lvFJOiN7RYqlGy7QE41O3YC1xbNSeDGIRO7xg2JJXIAj1cAGnOeC1r7/T9pgrtQbv4g==",
            "dependencies": {
                "nanoid": "^2.1.0"
            }
        },
        "node_modules/typescript": {
            "version": "4.9.5",
            "resolved": "https://registry.npmjs.org/typescript/-/typescript-4.9.5.tgz",
            "integrity": "sha512-1FXk9E2Hm+QzZQ7z+McJiHL4NW1F2EzMu9Nq9i3zAaGqibafqYwCVU6WyWAuyQRRzOlxou8xZSyXLEN8oKj24g==",
            "dev": true,
            "bin": {
                "tsc": "bin/tsc",
                "tsserver": "bin/tsserver"
            },
            "engines": {
                "node": ">=4.2.0"
            }
        },
        "node_modules/uuid": {
            "version": "9.0.1",
            "resolved": "https://registry.npmjs.org/uuid/-/uuid-9.0.1.tgz",
            "integrity": "sha512-b+1eJOlsR9K8HJpow9Ok3fiWOWSIcIzXodvv0rQjVoOVNpWMpxf1wZNpt4y9h10odCNrqnYp1OBzRktckBe3sA==",
            "funding": [
                "https://github.com/sponsors/broofa",
                "https://github.com/sponsors/ctavan"
            ],
            "bin": {
                "uuid": "dist/bin/uuid"
            }
        }
    },
    "dependencies": {
        "@types/shortid": {
            "version": "0.0.32",
            "resolved": "https://registry.npmjs.org/@types/shortid/-/shortid-0.0.32.tgz",
            "integrity": "sha512-LwWF89yy6Ol8abraYbVedIKzMlgJCTx8zm40yx9t0ZPOJaVR0OmSO4zRRAKfyOJtCwZrEBmhueZX8OiNbQydYw==",
            "dev": true
        },
        "@types/uuid": {
            "version": "9.0.8",
            "resolved": "https://registry.npmjs.org/@types/uuid/-/uuid-9.0.8.tgz",
            "integrity": "sha512-jg+97EGIcY9AGHJJRaaPVgetKDsrTgbRjQ5Msgjh/DQKEFl0DtyRr/VCOyD1T2R1MNeWPK/u7JoGhlDZnKBAfA==",
            "dev": true
        },
        "nanoid": {
            "version": "2.1.11",
            "resolved": "https://registry.npmjs.org/nanoid/-/nanoid-2.1.11.tgz",
            "integrity": "sha512-s/snB+WGm6uwi0WjsZdaVcuf3KJXlfGl2LcxgwkEwJF0D/BWzVWAZW/XY4bFaiR7s0Jk3FPvlnepg1H1b1UwlA=="
        },
        "shortid": {
            "version": "2.2.16",
            "resolved": "https://registry.npmjs.org/shortid/-/shortid-2.2.16.tgz",
            "integrity": "sha512-Ugt+GIZqvGXCIItnsL+lvFJOiN7RYqlGy7QE41O3YC1xbNSeDGIRO7xg2JJXIAj1cAGnOeC1r7/T9pgrtQbv4g==",
            "requires": {
                "nanoid": "^2.1.0"
            }
        },
        "typescript": {
            "version": "4.9.5",
            "resolved": "https://registry.npmjs.org/typescript/-/typescript-4.9.5.tgz",
            "integrity": "sha512-1FXk9E2Hm+QzZQ7z+McJiHL4NW1F2EzMu9Nq9i3zAaGqibafqYwCVU6WyWAuyQRRzOlxou8xZSyXLEN8oKj24g==",
            "dev": true
        },
        "uuid": {
            "version": "9.0.1",
            "resolved": "https://registry.npmjs.org/uuid/-/uuid-9.0.1.tgz",
            "integrity": "sha512-b+1eJOlsR9K8HJpow9Ok3fiWOWSIcIzXodvv0rQjVoOVNpWMpxf1wZNpt4y9h10odCNrqnYp1OBzRktckBe3sA=="
        }
    }
}
